
Microsoft Visual Studio Solution File, Format Version 12.00
# Visual Studio Version 17
VisualStudioVersion = 17.5.002.0
MinimumVisualStudioVersion = 10.0.40219.1
Project("{9A19103F-16F7-4668-BE54-9A1E7A4F7556}") = "curso-form", "curso-form.csproj", "{2A3FC07B-E5D2-4900-A825-600E6C8E3289}"
EndProject
Global
	GlobalSection(SolutionConfigurationPlatforms) = preSolution
		Debug|Any CPU = Debug|Any CPU
		Release|Any CPU = Release|Any CPU
	EndGlobalSection
	GlobalSection(ProjectConfigurationPlatforms) = postSolution
		{2A3FC07B-E5D2-4900-A825-600E6C8E3289}.Debug|Any CPU.ActiveCfg = Debug|Any CPU
		{2A3FC07B-E5D2-4900-A825-600E6C8E3289}.Debug|Any CPU.Build.0 = Debug|Any CPU
		{2A3FC07B-E5D2-4900-A825-600E6C8E3289}.Release|Any CPU.ActiveCfg = Release|Any CPU
		{2A3FC07B-E5D2-4900-A825-600E6C8E3289}.Release|Any CPU.Build.0 = Release|Any CPU
	EndGlobalSection
	GlobalSection(SolutionProperties) = preSolution
		HideSolutionNode = FALSE
	EndGlobalSection
	GlobalSection(ExtensibilityGlobals) = postSolution
		SolutionGuid = {BFD74647-54EF-4ECD-B03C-5C56FD7BC222}
	EndGlobalSection
EndGlobal
